{
  "pins" : [
    {
      "identity" : "libwebp-xcode",
      "kind" : "remoteSourceControl",
      "location" : "https://github.com/SDWebImage/libwebp-Xcode.git",
      "state" : {
        "revision" : "b2b1d20a90b14d11f6ef4241da6b81c1d3f171e4",
        "version" : "1.3.2"
      }
    },
    {
      "identity" : "sdwebimage",
      "kind" : "remoteSourceControl",
      "location" : "https://github.com/SDWebImage/SDWebImage",
      "state" : {
        "revision" : "59730af512c06fb569c119d737df4c1c499e001d",
        "version" : "5.18.10"
      }
    },
    {
      "identity" : "sdwebimagewebpcoder",
      "kind" : "remoteSourceControl",
      "location" : "https://github.com/SDWebImage/SDWebImageWebPCoder",
      "state" : {
        "revision" : "db4603921b31a6ce0f8c26d36d6a3fffc2dba481",
        "version" : "0.14.2"
      }
    }
  ],
  "version" : 2
}
