// !$*UTF8*$!
{
	archiveVersion = 1;
	classes = {
	};
	objectVersion = 56;
	objects = {

/* Begin PBXBuildFile section */
		554C04CF2B6691C300E6F223 /* Telegram.swift in Sources */ = {isa = PBXBuildFile; fileRef = 554C04CE2B6691C300E6F223 /* Telegram.swift */; };
		554C04D22B6695DD00E6F223 /* ApiCalls.swift in Sources */ = {isa = PBXBuildFile; fileRef = 554C04D12B6695DD00E6F223 /* ApiCalls.swift */; };
		5584823A2B66063A00EE709B /* Limits.swift in Sources */ = {isa = PBXBuildFile; fileRef = 558482342B66063A00EE709B /* Limits.swift */; };
		5584823B2B66063A00EE709B /* StickerPack.swift in Sources */ = {isa = PBXBuildFile; fileRef = 558482352B66063A00EE709B /* StickerPack.swift */; };
		5584823C2B66063A00EE709B /* Sticker.swift in Sources */ = {isa = PBXBuildFile; fileRef = 558482362B66063A00EE709B /* Sticker.swift */; };
		5584823D2B66063A00EE709B /* StickerPackManager.swift in Sources */ = {isa = PBXBuildFile; fileRef = 558482372B66063A00EE709B /* StickerPackManager.swift */; };
		5584823E2B66063A00EE709B /* Interoperability.swift in Sources */ = {isa = PBXBuildFile; fileRef = 558482382B66063A00EE709B /* Interoperability.swift */; };
		5584823F2B66063A00EE709B /* ImageData.swift in Sources */ = {isa = PBXBuildFile; fileRef = 558482392B66063A00EE709B /* ImageData.swift */; };
		559017492B64CBB4003F2FDE /* ProcessImage.swift in Sources */ = {isa = PBXBuildFile; fileRef = 559017482B64CBB4003F2FDE /* ProcessImage.swift */; };
		559515072B638EAE0055DC5C /* DownloadManager.swift in Sources */ = {isa = PBXBuildFile; fileRef = 559515062B638EAE0055DC5C /* DownloadManager.swift */; };
		55A357202B58BAAD00650543 /* StickerApp.swift in Sources */ = {isa = PBXBuildFile; fileRef = 55A3571F2B58BAAD00650543 /* StickerApp.swift */; };
		55A357222B58BAAD00650543 /* Stickers.swift in Sources */ = {isa = PBXBuildFile; fileRef = 55A357212B58BAAD00650543 /* Stickers.swift */; };
		55A357242B58BAB700650543 /* Assets.xcassets in Resources */ = {isa = PBXBuildFile; fileRef = 55A357232B58BAB700650543 /* Assets.xcassets */; };
		55A357272B58BAB700650543 /* Preview Assets.xcassets in Resources */ = {isa = PBXBuildFile; fileRef = 55A357262B58BAB700650543 /* Preview Assets.xcassets */; };
		55B4DDF92B7883430072759E /* SwiftWebP in Frameworks */ = {isa = PBXBuildFile; productRef = 55B4DDF82B7883430072759E /* SwiftWebP */; };
		55E5BA722B789F280093B525 /* StickerPackList.swift in Sources */ = {isa = PBXBuildFile; fileRef = 55E5BA712B789F280093B525 /* StickerPackList.swift */; };
		55E5BA742B789F6A0093B525 /* StickerPacks.swift in Sources */ = {isa = PBXBuildFile; fileRef = 55E5BA732B789F6A0093B525 /* StickerPacks.swift */; };
/* End PBXBuildFile section */

/* Begin PBXFileReference section */
		554C04CE2B6691C300E6F223 /* Telegram.swift */ = {isa = PBXFileReference; lastKnownFileType = sourcecode.swift; path = Telegram.swift; sourceTree = "<group>"; };
		554C04D12B6695DD00E6F223 /* ApiCalls.swift */ = {isa = PBXFileReference; lastKnownFileType = sourcecode.swift; path = ApiCalls.swift; sourceTree = "<group>"; };
		558482342B66063A00EE709B /* Limits.swift */ = {isa = PBXFileReference; fileEncoding = 4; lastKnownFileType = sourcecode.swift; path = Limits.swift; sourceTree = "<group>"; };
		558482352B66063A00EE709B /* StickerPack.swift */ = {isa = PBXFileReference; fileEncoding = 4; lastKnownFileType = sourcecode.swift; path = StickerPack.swift; sourceTree = "<group>"; };
		558482362B66063A00EE709B /* Sticker.swift */ = {isa = PBXFileReference; fileEncoding = 4; lastKnownFileType = sourcecode.swift; path = Sticker.swift; sourceTree = "<group>"; };
		558482372B66063A00EE709B /* StickerPackManager.swift */ = {isa = PBXFileReference; fileEncoding = 4; lastKnownFileType = sourcecode.swift; path = StickerPackManager.swift; sourceTree = "<group>"; };
		558482382B66063A00EE709B /* Interoperability.swift */ = {isa = PBXFileReference; fileEncoding = 4; lastKnownFileType = sourcecode.swift; path = Interoperability.swift; sourceTree = "<group>"; };
		558482392B66063A00EE709B /* ImageData.swift */ = {isa = PBXFileReference; fileEncoding = 4; lastKnownFileType = sourcecode.swift; path = ImageData.swift; sourceTree = "<group>"; };
		558482402B6616D500EE709B /* Info.plist */ = {isa = PBXFileReference; lastKnownFileType = text.plist; path = Info.plist; sourceTree = "<group>"; };
		559017482B64CBB4003F2FDE /* ProcessImage.swift */ = {isa = PBXFileReference; lastKnownFileType = sourcecode.swift; path = ProcessImage.swift; sourceTree = "<group>"; };
		559515062B638EAE0055DC5C /* DownloadManager.swift */ = {isa = PBXFileReference; lastKnownFileType = sourcecode.swift; path = DownloadManager.swift; sourceTree = "<group>"; };
		55A3571C2B58BAAD00650543 /* Sticker.app */ = {isa = PBXFileReference; explicitFileType = wrapper.application; includeInIndex = 0; path = Sticker.app; sourceTree = BUILT_PRODUCTS_DIR; };
		55A3571F2B58BAAD00650543 /* StickerApp.swift */ = {isa = PBXFileReference; lastKnownFileType = sourcecode.swift; path = StickerApp.swift; sourceTree = "<group>"; };
		55A357212B58BAAD00650543 /* Stickers.swift */ = {isa = PBXFileReference; lastKnownFileType = sourcecode.swift; path = Stickers.swift; sourceTree = "<group>"; };
		55A357232B58BAB700650543 /* Assets.xcassets */ = {isa = PBXFileReference; lastKnownFileType = folder.assetcatalog; path = Assets.xcassets; sourceTree = "<group>"; };
		55A357262B58BAB700650543 /* Preview Assets.xcassets */ = {isa = PBXFileReference; lastKnownFileType = folder.assetcatalog; path = "Preview Assets.xcassets"; sourceTree = "<group>"; };
		55E5BA712B789F280093B525 /* StickerPackList.swift */ = {isa = PBXFileReference; lastKnownFileType = sourcecode.swift; path = StickerPackList.swift; sourceTree = "<group>"; };
		55E5BA732B789F6A0093B525 /* StickerPacks.swift */ = {isa = PBXFileReference; lastKnownFileType = sourcecode.swift; name = StickerPacks.swift; path = Sticker/StickerPacks.swift; sourceTree = SOURCE_ROOT; };
		55E5BA752B78B72C0093B525 /* Config.xcconfig */ = {isa = PBXFileReference; lastKnownFileType = text.xcconfig; path = Config.xcconfig; sourceTree = "<group>"; };
/* End PBXFileReference section */

/* Begin PBXFrameworksBuildPhase section */
		55A357192B58BAAD00650543 /* Frameworks */ = {
			isa = PBXFrameworksBuildPhase;
			buildActionMask = 2147483647;
			files = (
				55B4DDF92B7883430072759E /* SwiftWebP in Frameworks */,
			);
			runOnlyForDeploymentPostprocessing = 0;
		};
/* End PBXFrameworksBuildPhase section */

/* Begin PBXGroup section */
		554C04CD2B6691AD00E6F223 /* Model */ = {
			isa = PBXGroup;
			children = (
				554C04CE2B6691C300E6F223 /* Telegram.swift */,
			);
			path = Model;
			sourceTree = "<group>";
		};
		554C04D02B6695CA00E6F223 /* ViewModel */ = {
			isa = PBXGroup;
			children = (
				554C04D12B6695DD00E6F223 /* ApiCalls.swift */,
			);
			path = ViewModel;
			sourceTree = "<group>";
		};
		55A357132B58BAAD00650543 = {
			isa = PBXGroup;
			children = (
				55E5BA752B78B72C0093B525 /* Config.xcconfig */,
				55A3571E2B58BAAD00650543 /* Sticker */,
				55A3571D2B58BAAD00650543 /* Products */,
			);
			sourceTree = "<group>";
		};
		55A3571D2B58BAAD00650543 /* Products */ = {
			isa = PBXGroup;
			children = (
				55A3571C2B58BAAD00650543 /* Sticker.app */,
			);
			name = Products;
			sourceTree = "<group>";
		};
		55A3571E2B58BAAD00650543 /* Sticker */ = {
			isa = PBXGroup;
			children = (
				554C04CD2B6691AD00E6F223 /* Model */,
				554C04D02B6695CA00E6F223 /* ViewModel */,
				55E5BA702B789E950093B525 /* Views */,
				558482402B6616D500EE709B /* Info.plist */,
				558482392B66063A00EE709B /* ImageData.swift */,
				558482382B66063A00EE709B /* Interoperability.swift */,
				558482342B66063A00EE709B /* Limits.swift */,
				558482362B66063A00EE709B /* Sticker.swift */,
				558482352B66063A00EE709B /* StickerPack.swift */,
				558482372B66063A00EE709B /* StickerPackManager.swift */,
				55A3571F2B58BAAD00650543 /* StickerApp.swift */,
				559515062B638EAE0055DC5C /* DownloadManager.swift */,
				559017482B64CBB4003F2FDE /* ProcessImage.swift */,
				55A357232B58BAB700650543 /* Assets.xcassets */,
				55A357252B58BAB700650543 /* Preview Content */,
			);
			path = Sticker;
			sourceTree = "<group>";
		};
		55A357252B58BAB700650543 /* Preview Content */ = {
			isa = PBXGroup;
			children = (
				55A357262B58BAB700650543 /* Preview Assets.xcassets */,
			);
			path = "Preview Content";
			sourceTree = "<group>";
		};
		55E5BA702B789E950093B525 /* Views */ = {
			isa = PBXGroup;
			children = (
				55A357212B58BAAD00650543 /* Stickers.swift */,
				55E5BA732B789F6A0093B525 /* StickerPacks.swift */,
				55E5BA712B789F280093B525 /* StickerPackList.swift */,
			);
			path = Views;
			sourceTree = "<group>";
		};
/* End PBXGroup section */

/* Begin PBXNativeTarget section */
		55A3571B2B58BAAD00650543 /* Sticker */ = {
			isa = PBXNativeTarget;
			buildConfigurationList = 55A3572A2B58BAB700650543 /* Build configuration list for PBXNativeTarget "Sticker" */;
			buildPhases = (
				55A357182B58BAAD00650543 /* Sources */,
				55A357192B58BAAD00650543 /* Frameworks */,
				55A3571A2B58BAAD00650543 /* Resources */,
			);
			buildRules = (
			);
			dependencies = (
			);
			name = Sticker;
			packageProductDependencies = (
				55B4DDF82B7883430072759E /* SwiftWebP */,
			);
			productName = Sticker;
			productReference = 55A3571C2B58BAAD00650543 /* Sticker.app */;
			productType = "com.apple.product-type.application";
		};
/* End PBXNativeTarget section */

/* Begin PBXProject section */
		55A357142B58BAAD00650543 /* Project object */ = {
			isa = PBXProject;
			attributes = {
				BuildIndependentTargetsInParallel = 1;
				LastSwiftUpdateCheck = 1510;
				LastUpgradeCheck = 1510;
				TargetAttributes = {
					55A3571B2B58BAAD00650543 = {
						CreatedOnToolsVersion = 15.1;
					};
				};
			};
			buildConfigurationList = 55A357172B58BAAD00650543 /* Build configuration list for PBXProject "Sticker" */;
			compatibilityVersion = "Xcode 14.0";
			developmentRegion = en;
			hasScannedForEncodings = 0;
			knownRegions = (
				en,
				Base,
			);
			mainGroup = 55A357132B58BAAD00650543;
			packageReferences = (
				55B4DDF72B7883420072759E /* XCRemoteSwiftPackageReference "SwiftWebP" */,
			);
			productRefGroup = 55A3571D2B58BAAD00650543 /* Products */;
			projectDirPath = "";
			projectRoot = "";
			targets = (
				55A3571B2B58BAAD00650543 /* Sticker */,
			);
		};
/* End PBXProject section */

/* Begin PBXResourcesBuildPhase section */
		55A3571A2B58BAAD00650543 /* Resources */ = {
			isa = PBXResourcesBuildPhase;
			buildActionMask = 2147483647;
			files = (
				55A357272B58BAB700650543 /* Preview Assets.xcassets in Resources */,
				55A357242B58BAB700650543 /* Assets.xcassets in Resources */,
			);
			runOnlyForDeploymentPostprocessing = 0;
		};
/* End PBXResourcesBuildPhase section */

/* Begin PBXSourcesBuildPhase section */
		55A357182B58BAAD00650543 /* Sources */ = {
			isa = PBXSourcesBuildPhase;
			buildActionMask = 2147483647;
			files = (
				5584823B2B66063A00EE709B /* StickerPack.swift in Sources */,
				5584823E2B66063A00EE709B /* Interoperability.swift in Sources */,
				55E5BA722B789F280093B525 /* StickerPackList.swift in Sources */,
				554C04CF2B6691C300E6F223 /* Telegram.swift in Sources */,
				55E5BA742B789F6A0093B525 /* StickerPacks.swift in Sources */,
				5584823A2B66063A00EE709B /* Limits.swift in Sources */,
				5584823F2B66063A00EE709B /* ImageData.swift in Sources */,
				5584823D2B66063A00EE709B /* StickerPackManager.swift in Sources */,
				55A357222B58BAAD00650543 /* Stickers.swift in Sources */,
				55A357202B58BAAD00650543 /* StickerApp.swift in Sources */,
				559017492B64CBB4003F2FDE /* ProcessImage.swift in Sources */,
				5584823C2B66063A00EE709B /* Sticker.swift in Sources */,
				554C04D22B6695DD00E6F223 /* ApiCalls.swift in Sources */,
				559515072B638EAE0055DC5C /* DownloadManager.swift in Sources */,
			);
			runOnlyForDeploymentPostprocessing = 0;
		};
/* End PBXSourcesBuildPhase section */

/* Begin XCBuildConfiguration section */
		55A357282B58BAB700650543 /* Debug */ = {
			isa = XCBuildConfiguration;
			buildSettings = {
				ALWAYS_SEARCH_USER_PATHS = NO;
				ASSETCATALOG_COMPILER_GENERATE_SWIFT_ASSET_SYMBOL_EXTENSIONS = YES;
				CLANG_ANALYZER_NONNULL = YES;
				CLANG_ANALYZER_NUMBER_OBJECT_CONVERSION = YES_AGGRESSIVE;
				CLANG_CXX_LANGUAGE_STANDARD = "gnu++20";
				CLANG_ENABLE_MODULES = YES;
				CLANG_ENABLE_OBJC_ARC = YES;
				CLANG_ENABLE_OBJC_WEAK = YES;
				CLANG_WARN_BLOCK_CAPTURE_AUTORELEASING = YES;
				CLANG_WARN_BOOL_CONVERSION = YES;
				CLANG_WARN_COMMA = YES;
				CLANG_WARN_CONSTANT_CONVERSION = YES;
				CLANG_WARN_DEPRECATED_OBJC_IMPLEMENTATIONS = YES;
				CLANG_WARN_DIRECT_OBJC_ISA_USAGE = YES_ERROR;
				CLANG_WARN_DOCUMENTATION_COMMENTS = YES;
				CLANG_WARN_EMPTY_BODY = YES;
				CLANG_WARN_ENUM_CONVERSION = YES;
				CLANG_WARN_INFINITE_RECURSION = YES;
				CLANG_WARN_INT_CONVERSION = YES;
				CLANG_WARN_NON_LITERAL_NULL_CONVERSION = YES;
				CLANG_WARN_OBJC_IMPLICIT_RETAIN_SELF = YES;
				CLANG_WARN_OBJC_LITERAL_CONVERSION = YES;
				CLANG_WARN_OBJC_ROOT_CLASS = YES_ERROR;
				CLANG_WARN_QUOTED_INCLUDE_IN_FRAMEWORK_HEADER = YES;
				CLANG_WARN_RANGE_LOOP_ANALYSIS = YES;
				CLANG_WARN_STRICT_PROTOTYPES = YES;
				CLANG_WARN_SUSPICIOUS_MOVE = YES;
				CLANG_WARN_UNGUARDED_AVAILABILITY = YES_AGGRESSIVE;
				CLANG_WARN_UNREACHABLE_CODE = YES;
				CLANG_WARN__DUPLICATE_METHOD_MATCH = YES;
				COPY_PHASE_STRIP = NO;
				DEBUG_INFORMATION_FORMAT = dwarf;
				ENABLE_STRICT_OBJC_MSGSEND = YES;
				ENABLE_TESTABILITY = YES;
				ENABLE_USER_SCRIPT_SANDBOXING = YES;
				GCC_C_LANGUAGE_STANDARD = gnu17;
				GCC_DYNAMIC_NO_PIC = NO;
				GCC_NO_COMMON_BLOCKS = YES;
				GCC_OPTIMIZATION_LEVEL = 0;
				GCC_PREPROCESSOR_DEFINITIONS = (
					"DEBUG=1",
					"$(inherited)",
				);
				GCC_WARN_64_TO_32_BIT_CONVERSION = YES;
				GCC_WARN_ABOUT_RETURN_TYPE = YES_ERROR;
				GCC_WARN_UNDECLARED_SELECTOR = YES;
				GCC_WARN_UNINITIALIZED_AUTOS = YES_AGGRESSIVE;
				GCC_WARN_UNUSED_FUNCTION = YES;
				GCC_WARN_UNUSED_VARIABLE = YES;
				IPHONEOS_DEPLOYMENT_TARGET = 17.2;
				LOCALIZATION_PREFERS_STRING_CATALOGS = YES;
				MTL_ENABLE_DEBUG_INFO = INCLUDE_SOURCE;
				MTL_FAST_MATH = YES;
				ONLY_ACTIVE_ARCH = YES;
				SDKROOT = iphoneos;
				SWIFT_ACTIVE_COMPILATION_CONDITIONS = "DEBUG $(inherited)";
				SWIFT_OPTIMIZATION_LEVEL = "-Onone";
			};
			name = Debug;
		};
		55A357292B58BAB700650543 /* Release */ = {
			isa = XCBuildConfiguration;
			buildSettings = {
				ALWAYS_SEARCH_USER_PATHS = NO;
				ASSETCATALOG_COMPILER_GENERATE_SWIFT_ASSET_SYMBOL_EXTENSIONS = YES;
				CLANG_ANALYZER_NONNULL = YES;
				CLANG_ANALYZER_NUMBER_OBJECT_CONVERSION = YES_AGGRESSIVE;
				CLANG_CXX_LANGUAGE_STANDARD = "gnu++20";
				CLANG_ENABLE_MODULES = YES;
				CLANG_ENABLE_OBJC_ARC = YES;
				CLANG_ENABLE_OBJC_WEAK = YES;
				CLANG_WARN_BLOCK_CAPTURE_AUTORELEASING = YES;
				CLANG_WARN_BOOL_CONVERSION = YES;
				CLANG_WARN_COMMA = YES;
				CLANG_WARN_CONSTANT_CONVERSION = YES;
				CLANG_WARN_DEPRECATED_OBJC_IMPLEMENTATIONS = YES;
				CLANG_WARN_DIRECT_OBJC_ISA_USAGE = YES_ERROR;
				CLANG_WARN_DOCUMENTATION_COMMENTS = YES;
				CLANG_WARN_EMPTY_BODY = YES;
				CLANG_WARN_ENUM_CONVERSION = YES;
				CLANG_WARN_INFINITE_RECURSION = YES;
				CLANG_WARN_INT_CONVERSION = YES;
				CLANG_WARN_NON_LITERAL_NULL_CONVERSION = YES;
				CLANG_WARN_OBJC_IMPLICIT_RETAIN_SELF = YES;
				CLANG_WARN_OBJC_LITERAL_CONVERSION = YES;
				CLANG_WARN_OBJC_ROOT_CLASS = YES_ERROR;
				CLANG_WARN_QUOTED_INCLUDE_IN_FRAMEWORK_HEADER = YES;
				CLANG_WARN_RANGE_LOOP_ANALYSIS = YES;
				CLANG_WARN_STRICT_PROTOTYPES = YES;
				CLANG_WARN_SUSPICIOUS_MOVE = YES;
				CLANG_WARN_UNGUARDED_AVAILABILITY = YES_AGGRESSIVE;
				CLANG_WARN_UNREACHABLE_CODE = YES;
				CLANG_WARN__DUPLICATE_METHOD_MATCH = YES;
				COPY_PHASE_STRIP = NO;
				DEBUG_INFORMATION_FORMAT = "dwarf-with-dsym";
				ENABLE_NS_ASSERTIONS = NO;
				ENABLE_STRICT_OBJC_MSGSEND = YES;
				ENABLE_USER_SCRIPT_SANDBOXING = YES;
				GCC_C_LANGUAGE_STANDARD = gnu17;
				GCC_NO_COMMON_BLOCKS = YES;
				GCC_WARN_64_TO_32_BIT_CONVERSION = YES;
				GCC_WARN_ABOUT_RETURN_TYPE = YES_ERROR;
				GCC_WARN_UNDECLARED_SELECTOR = YES;
				GCC_WARN_UNINITIALIZED_AUTOS = YES_AGGRESSIVE;
				GCC_WARN_UNUSED_FUNCTION = YES;
				GCC_WARN_UNUSED_VARIABLE = YES;
				IPHONEOS_DEPLOYMENT_TARGET = 17.2;
				LOCALIZATION_PREFERS_STRING_CATALOGS = YES;
				MTL_ENABLE_DEBUG_INFO = NO;
				MTL_FAST_MATH = YES;
				SDKROOT = iphoneos;
				SWIFT_COMPILATION_MODE = wholemodule;
				VALIDATE_PRODUCT = YES;
			};
			name = Release;
		};
		55A3572B2B58BAB700650543 /* Debug */ = {
			isa = XCBuildConfiguration;
			buildSettings = {
				ASSETCATALOG_COMPILER_APPICON_NAME = AppIcon;
				ASSETCATALOG_COMPILER_GLOBAL_ACCENT_COLOR_NAME = AccentColor;
				CODE_SIGN_STYLE = Automatic;
				CURRENT_PROJECT_VERSION = 1;
				DEVELOPMENT_ASSET_PATHS = "\"Sticker/Preview Content\"";
				DEVELOPMENT_TEAM = D48498VPR2;
				ENABLE_PREVIEWS = YES;
				GENERATE_INFOPLIST_FILE = YES;
				INFOPLIST_FILE = Sticker/Info.plist;
				INFOPLIST_KEY_UIApplicationSceneManifest_Generation = YES;
				INFOPLIST_KEY_UIApplicationSupportsIndirectInputEvents = YES;
				INFOPLIST_KEY_UILaunchScreen_Generation = YES;
				INFOPLIST_KEY_UISupportedInterfaceOrientations_iPad = "UIInterfaceOrientationPortrait UIInterfaceOrientationPortraitUpsideDown UIInterfaceOrientationLandscapeLeft UIInterfaceOrientationLandscapeRight";
				INFOPLIST_KEY_UISupportedInterfaceOrientations_iPhone = "UIInterfaceOrientationPortrait UIInterfaceOrientationLandscapeLeft UIInterfaceOrientationLandscapeRight";
				LD_RUNPATH_SEARCH_PATHS = (
					"$(inherited)",
					"@executable_path/Frameworks",
				);
				MARKETING_VERSION = 1.0;
				PRODUCT_BUNDLE_IDENTIFIER = com.gokul.Sticker;
				PRODUCT_NAME = "$(TARGET_NAME)";
				SWIFT_EMIT_LOC_STRINGS = YES;
				SWIFT_VERSION = 5.0;
				TARGETED_DEVICE_FAMILY = "1,2";
			};
			name = Debug;
		};
		55A3572C2B58BAB700650543 /* Release */ = {
			isa = XCBuildConfiguration;
			buildSettings = {
				ASSETCATALOG_COMPILER_APPICON_NAME = AppIcon;
				ASSETCATALOG_COMPILER_GLOBAL_ACCENT_COLOR_NAME = AccentColor;
				CODE_SIGN_STYLE = Automatic;
				CURRENT_PROJECT_VERSION = 1;
				DEVELOPMENT_ASSET_PATHS = "\"Sticker/Preview Content\"";
				DEVELOPMENT_TEAM = D48498VPR2;
				ENABLE_PREVIEWS = YES;
				GENERATE_INFOPLIST_FILE = YES;
				INFOPLIST_FILE = Sticker/Info.plist;
				INFOPLIST_KEY_UIApplicationSceneManifest_Generation = YES;
				INFOPLIST_KEY_UIApplicationSupportsIndirectInputEvents = YES;
				INFOPLIST_KEY_UILaunchScreen_Generation = YES;
				INFOPLIST_KEY_UISupportedInterfaceOrientations_iPad = "UIInterfaceOrientationPortrait UIInterfaceOrientationPortraitUpsideDown UIInterfaceOrientationLandscapeLeft UIInterfaceOrientationLandscapeRight";
				INFOPLIST_KEY_UISupportedInterfaceOrientations_iPhone = "UIInterfaceOrientationPortrait UIInterfaceOrientationLandscapeLeft UIInterfaceOrientationLandscapeRight";
				LD_RUNPATH_SEARCH_PATHS = (
					"$(inherited)",
					"@executable_path/Frameworks",
				);
				MARKETING_VERSION = 1.0;
				PRODUCT_BUNDLE_IDENTIFIER = com.gokul.Sticker;
				PRODUCT_NAME = "$(TARGET_NAME)";
				SWIFT_EMIT_LOC_STRINGS = YES;
				SWIFT_VERSION = 5.0;
				TARGETED_DEVICE_FAMILY = "1,2";
			};
			name = Release;
		};
/* End XCBuildConfiguration section */

/* Begin XCConfigurationList section */
		55A357172B58BAAD00650543 /* Build configuration list for PBXProject "Sticker" */ = {
			isa = XCConfigurationList;
			buildConfigurations = (
				55A357282B58BAB700650543 /* Debug */,
				55A357292B58BAB700650543 /* Release */,
			);
			defaultConfigurationIsVisible = 0;
			defaultConfigurationName = Release;
		};
		55A3572A2B58BAB700650543 /* Build configuration list for PBXNativeTarget "Sticker" */ = {
			isa = XCConfigurationList;
			buildConfigurations = (
				55A3572B2B58BAB700650543 /* Debug */,
				55A3572C2B58BAB700650543 /* Release */,
			);
			defaultConfigurationIsVisible = 0;
			defaultConfigurationName = Release;
		};
/* End XCConfigurationList section */

/* Begin XCRemoteSwiftPackageReference section */
		55B4DDF72B7883420072759E /* XCRemoteSwiftPackageReference "SwiftWebP" */ = {
			isa = XCRemoteSwiftPackageReference;
			repositoryURL = "https://github.com/alfianlosari/SwiftWebP.git";
			requirement = {
				kind = upToNextMajorVersion;
				minimumVersion = 0.1.0;
			};
		};
/* End XCRemoteSwiftPackageReference section */

/* Begin XCSwiftPackageProductDependency section */
		55B4DDF82B7883430072759E /* SwiftWebP */ = {
			isa = XCSwiftPackageProductDependency;
			package = 55B4DDF72B7883420072759E /* XCRemoteSwiftPackageReference "SwiftWebP" */;
			productName = SwiftWebP;
		};
/* End XCSwiftPackageProductDependency section */
	};
	rootObject = 55A357142B58BAAD00650543 /* Project object */;
}
